// !$*UTF8*$!
{
	archiveVersion = 1;
	classes = {
	};
	objectVersion = 46;
	objects = {

/* Begin PBXBuildFile section */
		2F1412851E93672D0029B707 /* AppDelegate.swift in Sources */ = {isa = PBXBuildFile; fileRef = 2F1412841E93672D0029B707 /* AppDelegate.swift */; };
		2F1412871E93672D0029B707 /* ViewController.swift in Sources */ = {isa = PBXBuildFile; fileRef = 2F1412861E93672D0029B707 /* ViewController.swift */; };
		2F14128A1E93672D0029B707 /* Main.storyboard in Resources */ = {isa = PBXBuildFile; fileRef = 2F1412881E93672D0029B707 /* Main.storyboard */; };
		2F14128C1E93672D0029B707 /* Assets.xcassets in Resources */ = {isa = PBXBuildFile; fileRef = 2F14128B1E93672D0029B707 /* Assets.xcassets */; };
		2F14128F1E93672D0029B707 /* LaunchScreen.storyboard in Resources */ = {isa = PBXBuildFile; fileRef = 2F14128D1E93672D0029B707 /* LaunchScreen.storyboard */; };
		2F1412981E9378370029B707 /* Results.swift in Sources */ = {isa = PBXBuildFile; fileRef = 2F1412971E9378370029B707 /* Results.swift */; };
/* End PBXBuildFile section */

/* Begin PBXFileReference section */
		2F1412811E93672D0029B707 /* Calculator_Demo.app */ = {isa = PBXFileReference; explicitFileType = wrapper.application; includeInIndex = 0; path = Calculator_Demo.app; sourceTree = BUILT_PRODUCTS_DIR; };
		2F1412841E93672D0029B707 /* AppDelegate.swift */ = {isa = PBXFileReference; lastKnownFileType = sourcecode.swift; path = AppDelegate.swift; sourceTree = "<group>"; };
		2F1412861E93672D0029B707 /* ViewController.swift */ = {isa = PBXFileReference; lastKnownFileType = sourcecode.swift; path = ViewController.swift; sourceTree = "<group>"; };
		2F1412891E93672D0029B707 /* Base */ = {isa = PBXFileReference; lastKnownFileType = file.storyboard; name = Base; path = Base.lproj/Main.storyboard; sourceTree = "<group>"; };
		2F14128B1E93672D0029B707 /* Assets.xcassets */ = {isa = PBXFileReference; lastKnownFileType = folder.assetcatalog; path = Assets.xcassets; sourceTree = "<group>"; };
		2F14128E1E93672D0029B707 /* Base */ = {isa = PBXFileReference; lastKnownFileType = file.storyboard; name = Base; path = Base.lproj/LaunchScreen.storyboard; sourceTree = "<group>"; };
		2F1412901E93672D0029B707 /* Info.plist */ = {isa = PBXFileReference; lastKnownFileType = text.plist.xml; path = Info.plist; sourceTree = "<group>"; };
		2F1412971E9378370029B707 /* Results.swift */ = {isa = PBXFileReference; fileEncoding = 4; lastKnownFileType = sourcecode.swift; path = Results.swift; sourceTree = "<group>"; };
/* End PBXFileReference section */

/* Begin PBXFrameworksBuildPhase section */
		2F14127E1E93672D0029B707 /* Frameworks */ = {
			isa = PBXFrameworksBuildPhase;
			buildActionMask = 2147483647;
			files = (
			);
			runOnlyForDeploymentPostprocessing = 0;
		};
/* End PBXFrameworksBuildPhase section */

/* Begin PBXGroup section */
		2F1412781E93672D0029B707 = {
			isa = PBXGroup;
			children = (
				2F1412831E93672D0029B707 /* Calculator_Demo */,
				2F1412821E93672D0029B707 /* Products */,
			);
			sourceTree = "<group>";
		};
		2F1412821E93672D0029B707 /* Products */ = {
			isa = PBXGroup;
			children = (
				2F1412811E93672D0029B707 /* Calculator_Demo.app */,
			);
			name = Products;
			sourceTree = "<group>";
		};
		2F1412831E93672D0029B707 /* Calculator_Demo */ = {
			isa = PBXGroup;
			children = (
				2F1412961E9378110029B707 /* Models */,
				2F1412841E93672D0029B707 /* AppDelegate.swift */,
				2F1412861E93672D0029B707 /* ViewController.swift */,
				2F1412881E93672D0029B707 /* Main.storyboard */,
				2F14128B1E93672D0029B707 /* Assets.xcassets */,
				2F14128D1E93672D0029B707 /* LaunchScreen.storyboard */,
				2F1412901E93672D0029B707 /* Info.plist */,
			);
			path = Calculator_Demo;
			sourceTree = "<group>";
		};
		2F1412961E9378110029B707 /* Models */ = {
			isa = PBXGroup;
			children = (
				2F1412971E9378370029B707 /* Results.swift */,
			);
			name = Models;
			sourceTree = "<group>";
		};
/* End PBXGroup section */

/* Begin PBXNativeTarget section */
		2F1412801E93672D0029B707 /* Calculator_Demo */ = {
			isa = PBXNativeTarget;
			buildConfigurationList = 2F1412931E93672D0029B707 /* Build configuration list for PBXNativeTarget "Calculator_Demo" */;
			buildPhases = (
				2F14127D1E93672D0029B707 /* Sources */,
				2F14127E1E93672D0029B707 /* Frameworks */,
				2F14127F1E93672D0029B707 /* Resources */,
			);
			buildRules = (
			);
			dependencies = (
			);
			name = Calculator_Demo;
			productName = Calculator_Demo;
			productReference = 2F1412811E93672D0029B707 /* Calculator_Demo.app */;
			productType = "com.apple.product-type.application";
		};
/* End PBXNativeTarget section */

/* Begin PBXProject section */
		2F1412791E93672D0029B707 /* Project object */ = {
			isa = PBXProject;
			attributes = {
				LastSwiftUpdateCheck = 0830;
				LastUpgradeCheck = 0830;
				ORGANIZATIONNAME = Matheus;
				TargetAttributes = {
					2F1412801E93672D0029B707 = {
						CreatedOnToolsVersion = 8.3;
						ProvisioningStyle = Automatic;
					};
				};
			};
			buildConfigurationList = 2F14127C1E93672D0029B707 /* Build configuration list for PBXProject "Calculator_Demo" */;
			compatibilityVersion = "Xcode 3.2";
			developmentRegion = English;
			hasScannedForEncodings = 0;
			knownRegions = (
				en,
				Base,
			);
			mainGroup = 2F1412781E93672D0029B707;
			productRefGroup = 2F1412821E93672D0029B707 /* Products */;
			projectDirPath = "";
			projectRoot = "";
			targets = (
				2F1412801E93672D0029B707 /* Calculator_Demo */,
			);
		};
/* End PBXProject section */

/* Begin PBXResourcesBuildPhase section */
		2F14127F1E93672D0029B707 /* Resources */ = {
			isa = PBXResourcesBuildPhase;
			buildActionMask = 2147483647;
			files = (
				2F14128F1E93672D0029B707 /* LaunchScreen.storyboard in Resources */,
				2F14128C1E93672D0029B707 /* Assets.xcassets in Resources */,
				2F14128A1E93672D0029B707 /* Main.storyboard in Resources */,
			);
			runOnlyForDeploymentPostprocessing = 0;
		};
/* End PBXResourcesBuildPhase section */

/* Begin PBXSourcesBuildPhase section */
		2F14127D1E93672D0029B707 /* Sources */ = {
			isa = PBXSourcesBuildPhase;
			buildActionMask = 2147483647;
			files = (
				2F1412981E9378370029B707 /* Results.swift in Sources */,
				2F1412871E93672D0029B707 /* ViewController.swift in Sources */,
				2F1412851E93672D0029B707 /* AppDelegate.swift in Sources */,
			);
			runOnlyForDeploymentPostprocessing = 0;
		};
/* End PBXSourcesBuildPhase section */

/* Begin PBXVariantGroup section */
		2F1412881E93672D0029B707 /* Main.storyboard */ = {
			isa = PBXVariantGroup;
			children = (
				2F1412891E93672D0029B707 /* Base */,
			);
			name = Main.storyboard;
			sourceTree = "<group>";
		};
		2F14128D1E93672D0029B707 /* LaunchScreen.storyboard */ = {
			isa = PBXVariantGroup;
			children = (
				2F14128E1E93672D0029B707 /* Base */,
			);
			name = LaunchScreen.storyboard;
			sourceTree = "<group>";
		};
/* End PBXVariantGroup section */

/* Begin XCBuildConfiguration section */
		2F1412911E93672D0029B707 /* Debug */ = {
			isa = XCBuildConfiguration;
			buildSettings = {
				ALWAYS_SEARCH_USER_PATHS = NO;
				CLANG_ANALYZER_NONNULL = YES;
				CLANG_ANALYZER_NUMBER_OBJECT_CONVERSION = YES_AGGRESSIVE;
				CLANG_CXX_LANGUAGE_STANDARD = "gnu++0x";
				CLANG_CXX_LIBRARY = "libc++";
				CLANG_ENABLE_MODULES = YES;
				CLANG_ENABLE_OBJC_ARC = YES;
				CLANG_WARN_BOOL_CONVERSION = YES;
				CLANG_WARN_CONSTANT_CONVERSION = YES;
				CLANG_WARN_DIRECT_OBJC_ISA_USAGE = YES_ERROR;
				CLANG_WARN_DOCUMENTATION_COMMENTS = YES;
				CLANG_WARN_EMPTY_BODY = YES;
				CLANG_WARN_ENUM_CONVERSION = YES;
				CLANG_WARN_INFINITE_RECURSION = YES;
				CLANG_WARN_INT_CONVERSION = YES;
				CLANG_WARN_OBJC_ROOT_CLASS = YES_ERROR;
				CLANG_WARN_SUSPICIOUS_MOVE = YES;
				CLANG_WARN_UNREACHABLE_CODE = YES;
				CLANG_WARN__DUPLICATE_METHOD_MATCH = YES;
				"CODE_SIGN_IDENTITY[sdk=iphoneos*]" = "iPhone Developer";
				COPY_PHASE_STRIP = NO;
				DEBUG_INFORMATION_FORMAT = dwarf;
				ENABLE_STRICT_OBJC_MSGSEND = YES;
				ENABLE_TESTABILITY = YES;
				GCC_C_LANGUAGE_STANDARD = gnu99;
				GCC_DYNAMIC_NO_PIC = NO;
				GCC_NO_COMMON_BLOCKS = YES;
				GCC_OPTIMIZATION_LEVEL = 0;
				GCC_PREPROCESSOR_DEFINITIONS = (
					"DEBUG=1",
					"$(inherited)",
				);
				GCC_WARN_64_TO_32_BIT_CONVERSION = YES;
				GCC_WARN_ABOUT_RETURN_TYPE = YES_ERROR;
				GCC_WARN_UNDECLARED_SELECTOR = YES;
				GCC_WARN_UNINITIALIZED_AUTOS = YES_AGGRESSIVE;
				GCC_WARN_UNUSED_FUNCTION = YES;
				GCC_WARN_UNUSED_VARIABLE = YES;
				IPHONEOS_DEPLOYMENT_TARGET = 10.3;
				MTL_ENABLE_DEBUG_INFO = YES;
				ONLY_ACTIVE_ARCH = YES;
				SDKROOT = iphoneos;
				SWIFT_ACTIVE_COMPILATION_CONDITIONS = DEBUG;
				SWIFT_OPTIMIZATION_LEVEL = "-Onone";
			};
			name = Debug;
		};
		2F1412921E93672D0029B707 /* Release */ = {
			isa = XCBuildConfiguration;
			buildSettings = {
				ALWAYS_SEARCH_USER_PATHS = NO;
				CLANG_ANALYZER_NONNULL = YES;
				CLANG_ANALYZER_NUMBER_OBJECT_CONVERSION = YES_AGGRESSIVE;
				CLANG_CXX_LANGUAGE_STANDARD = "gnu++0x";
				CLANG_CXX_LIBRARY = "libc++";
				CLANG_ENABLE_MODULES = YES;
				CLANG_ENABLE_OBJC_ARC = YES;
				CLANG_WARN_BOOL_CONVERSION = YES;
				CLANG_WARN_CONSTANT_CONVERSION = YES;
				CLANG_WARN_DIRECT_OBJC_ISA_USAGE = YES_ERROR;
				CLANG_WARN_DOCUMENTATION_COMMENTS = YES;
				CLANG_WARN_EMPTY_BODY = YES;
				CLANG_WARN_ENUM_CONVERSION = YES;
				CLANG_WARN_INFINITE_RECURSION = YES;
				CLANG_WARN_INT_CONVERSION = YES;
				CLANG_WARN_OBJC_ROOT_CLASS = YES_ERROR;
				CLANG_WARN_SUSPICIOUS_MOVE = YES;
				CLANG_WARN_UNREACHABLE_CODE = YES;
				CLANG_WARN__DUPLICATE_METHOD_MATCH = YES;
				"CODE_SIGN_IDENTITY[sdk=iphoneos*]" = "iPhone Developer";
				COPY_PHASE_STRIP = NO;
				DEBUG_INFORMATION_FORMAT = "dwarf-with-dsym";
				ENABLE_NS_ASSERTIONS = NO;
				ENABLE_STRICT_OBJC_MSGSEND = YES;
				GCC_C_LANGUAGE_STANDARD = gnu99;
				GCC_NO_COMMON_BLOCKS = YES;
				GCC_WARN_64_TO_32_BIT_CONVERSION = YES;
				GCC_WARN_ABOUT_RETURN_TYPE = YES_ERROR;
				GCC_WARN_UNDECLARED_SELECTOR = YES;
				GCC_WARN_UNINITIALIZED_AUTOS = YES_AGGRESSIVE;
				GCC_WARN_UNUSED_FUNCTION = YES;
				GCC_WARN_UNUSED_VARIABLE = YES;
				IPHONEOS_DEPLOYMENT_TARGET = 10.3;
				MTL_ENABLE_DEBUG_INFO = NO;
				SDKROOT = iphoneos;
				SWIFT_OPTIMIZATION_LEVEL = "-Owholemodule";
				VALIDATE_PRODUCT = YES;
			};
			name = Release;
		};
		2F1412941E93672D0029B707 /* Debug */ = {
			isa = XCBuildConfiguration;
			buildSettings = {
				ASSETCATALOG_COMPILER_APPICON_NAME = AppIcon;
				INFOPLIST_FILE = Calculator_Demo/Info.plist;
				LD_RUNPATH_SEARCH_PATHS = "$(inherited) @executable_path/Frameworks";
				PRODUCT_BUNDLE_IDENTIFIER = "Matheus.Calculator-Demo";
				PRODUCT_NAME = "$(TARGET_NAME)";
				SWIFT_VERSION = 3.0;
			};
			name = Debug;
		};
		2F1412951E93672D0029B707 /* Release */ = {
			isa = XCBuildConfiguration;
			buildSettings = {
				ASSETCATALOG_COMPILER_APPICON_NAME = AppIcon;
				INFOPLIST_FILE = Calculator_Demo/Info.plist;
				LD_RUNPATH_SEARCH_PATHS = "$(inherited) @executable_path/Frameworks";
				PRODUCT_BUNDLE_IDENTIFIER = "Matheus.Calculator-Demo";
				PRODUCT_NAME = "$(TARGET_NAME)";
				SWIFT_VERSION = 3.0;
			};
			name = Release;
		};
/* End XCBuildConfiguration section */

/* Begin XCConfigurationList section */
		2F14127C1E93672D0029B707 /* Build configuration list for PBXProject "Calculator_Demo" */ = {
			isa = XCConfigurationList;
			buildConfigurations = (
				2F1412911E93672D0029B707 /* Debug */,
				2F1412921E93672D0029B707 /* Release */,
			);
			defaultConfigurationIsVisible = 0;
			defaultConfigurationName = Release;
		};
		2F1412931E93672D0029B707 /* Build configuration list for PBXNativeTarget "Calculator_Demo" */ = {
			isa = XCConfigurationList;
			buildConfigurations = (
				2F1412941E93672D0029B707 /* Debug */,
				2F1412951E93672D0029B707 /* Release */,
			);
			defaultConfigurationIsVisible = 0;
		};
/* End XCConfigurationList section */
	};
	rootObject = 2F1412791E93672D0029B707 /* Project object */;
}
